
Microsoft Visual Studio Solution File, Format Version 12.00
# Visual Studio 15
VisualStudioVersion = 15.0.28010.2050
MinimumVisualStudioVersion = 10.0.40219.1
Project("{9A19103F-16F7-4668-BE54-9A1E7A4F7556}") = "DBO.DataTransport.FE", "DBO.DataTransport.FE\DBO.DataTransport.FE.csproj", "{E4CE96CF-680F-4EBF-9172-2C4DD884ECEF}"
EndProject
Project("{9A19103F-16F7-4668-BE54-9A1E7A4F7556}") = "DBO.DataTransport.HelpersStandard", "DBO.DataTransport.HelpersStandard\DBO.DataTransport.HelpersStandard.csproj", "{2D9E65AA-19BD-4CEC-BBD8-09324BB0B6DE}"
EndProject
Project("{9A19103F-16F7-4668-BE54-9A1E7A4F7556}") = "DBO.DataTransport.HelpersCore", "DBO.DataTransport.HelpersCore\DBO.DataTransport.HelpersCore.csproj", "{40A7EC73-C0AC-4709-9129-751DA8EBF875}"
EndProject
Project("{00D1A9C2-B5F0-4AF3-8072-F6C62B433612}") = "DBO.DataTransport.DBOAuth.SQL", "DBO.DataTransport.SQL\DBO.DataTransport.DBOAuth.SQL.sqlproj", "{6E5D30BD-6C11-4362-8C33-47CF94EBEE0C}"
EndProject
Project("{FAE04EC0-301F-11D3-BF4B-00C04F79EFBC}") = "DBO.DataTransport.DBOStore.DataModel", "DBO.DataTransport.DBOStore.DataModel\DBO.DataTransport.DBOStore.DataModel.csproj", "{203CED7B-F81F-4E33-95BC-D92F81DD944C}"
EndProject
Project("{FAE04EC0-301F-11D3-BF4B-00C04F79EFBC}") = "DBO.DataTransport.DBOAuth.DataModel", "DBO.DataTransport.DBOAuth.DataModel\DBO.DataTransport.DBOAuth.DataModel.csproj", "{7E96132E-3824-4B9B-A709-71EA2602C00E}"
EndProject
Project("{00D1A9C2-B5F0-4AF3-8072-F6C62B433612}") = "DBO.DataTransport.DBOStore.SQL", "DBO.DataTransport.DBOStore.SQL\DBO.DataTransport.DBOStore.SQL.sqlproj", "{1835F458-D9FD-43B5-ABCD-35DDCEF01F5E}"
EndProject
Global
	GlobalSection(SolutionConfigurationPlatforms) = preSolution
		Debug|Any CPU = Debug|Any CPU
		Release|Any CPU = Release|Any CPU
	EndGlobalSection
	GlobalSection(ProjectConfigurationPlatforms) = postSolution
		{E4CE96CF-680F-4EBF-9172-2C4DD884ECEF}.Debug|Any CPU.ActiveCfg = Debug|Any CPU
		{E4CE96CF-680F-4EBF-9172-2C4DD884ECEF}.Debug|Any CPU.Build.0 = Debug|Any CPU
		{E4CE96CF-680F-4EBF-9172-2C4DD884ECEF}.Release|Any CPU.ActiveCfg = Release|Any CPU
		{E4CE96CF-680F-4EBF-9172-2C4DD884ECEF}.Release|Any CPU.Build.0 = Release|Any CPU
		{2D9E65AA-19BD-4CEC-BBD8-09324BB0B6DE}.Debug|Any CPU.ActiveCfg = Debug|Any CPU
		{2D9E65AA-19BD-4CEC-BBD8-09324BB0B6DE}.Debug|Any CPU.Build.0 = Debug|Any CPU
		{2D9E65AA-19BD-4CEC-BBD8-09324BB0B6DE}.Release|Any CPU.ActiveCfg = Release|Any CPU
		{2D9E65AA-19BD-4CEC-BBD8-09324BB0B6DE}.Release|Any CPU.Build.0 = Release|Any CPU
		{40A7EC73-C0AC-4709-9129-751DA8EBF875}.Debug|Any CPU.ActiveCfg = Debug|Any CPU
		{40A7EC73-C0AC-4709-9129-751DA8EBF875}.Debug|Any CPU.Build.0 = Debug|Any CPU
		{40A7EC73-C0AC-4709-9129-751DA8EBF875}.Release|Any CPU.ActiveCfg = Release|Any CPU
		{40A7EC73-C0AC-4709-9129-751DA8EBF875}.Release|Any CPU.Build.0 = Release|Any CPU
		{6E5D30BD-6C11-4362-8C33-47CF94EBEE0C}.Debug|Any CPU.ActiveCfg = Debug|Any CPU
		{6E5D30BD-6C11-4362-8C33-47CF94EBEE0C}.Debug|Any CPU.Build.0 = Debug|Any CPU
		{6E5D30BD-6C11-4362-8C33-47CF94EBEE0C}.Debug|Any CPU.Deploy.0 = Debug|Any CPU
		{6E5D30BD-6C11-4362-8C33-47CF94EBEE0C}.Release|Any CPU.ActiveCfg = Release|Any CPU
		{6E5D30BD-6C11-4362-8C33-47CF94EBEE0C}.Release|Any CPU.Build.0 = Release|Any CPU
		{6E5D30BD-6C11-4362-8C33-47CF94EBEE0C}.Release|Any CPU.Deploy.0 = Release|Any CPU
		{203CED7B-F81F-4E33-95BC-D92F81DD944C}.Debug|Any CPU.ActiveCfg = Debug|Any CPU
		{203CED7B-F81F-4E33-95BC-D92F81DD944C}.Debug|Any CPU.Build.0 = Debug|Any CPU
		{203CED7B-F81F-4E33-95BC-D92F81DD944C}.Release|Any CPU.ActiveCfg = Release|Any CPU
		{203CED7B-F81F-4E33-95BC-D92F81DD944C}.Release|Any CPU.Build.0 = Release|Any CPU
		{7E96132E-3824-4B9B-A709-71EA2602C00E}.Debug|Any CPU.ActiveCfg = Debug|Any CPU
		{7E96132E-3824-4B9B-A709-71EA2602C00E}.Debug|Any CPU.Build.0 = Debug|Any CPU
		{7E96132E-3824-4B9B-A709-71EA2602C00E}.Release|Any CPU.ActiveCfg = Release|Any CPU
		{7E96132E-3824-4B9B-A709-71EA2602C00E}.Release|Any CPU.Build.0 = Release|Any CPU
		{1835F458-D9FD-43B5-ABCD-35DDCEF01F5E}.Debug|Any CPU.ActiveCfg = Debug|Any CPU
		{1835F458-D9FD-43B5-ABCD-35DDCEF01F5E}.Debug|Any CPU.Build.0 = Debug|Any CPU
		{1835F458-D9FD-43B5-ABCD-35DDCEF01F5E}.Debug|Any CPU.Deploy.0 = Debug|Any CPU
		{1835F458-D9FD-43B5-ABCD-35DDCEF01F5E}.Release|Any CPU.ActiveCfg = Release|Any CPU
		{1835F458-D9FD-43B5-ABCD-35DDCEF01F5E}.Release|Any CPU.Build.0 = Release|Any CPU
		{1835F458-D9FD-43B5-ABCD-35DDCEF01F5E}.Release|Any CPU.Deploy.0 = Release|Any CPU
	EndGlobalSection
	GlobalSection(SolutionProperties) = preSolution
		HideSolutionNode = FALSE
	EndGlobalSection
	GlobalSection(ExtensibilityGlobals) = postSolution
		SolutionGuid = {CB138E85-4D97-481E-AD0E-59053473BEC8}
	EndGlobalSection
EndGlobal
