
Microsoft Visual Studio Solution File, Format Version 12.00
# Visual Studio 15
VisualStudioVersion = 15.0.28010.2050
MinimumVisualStudioVersion = 10.0.40219.1
Project("{FAE04EC0-301F-11D3-BF4B-00C04F79EFBC}") = "DBO.DataTransport.DataModel", "DBO.DataTransport.DataModel\DBO.DataTransport.DataModel.csproj", "{9ADFB9F5-89D4-453C-A483-C2415C051EA2}"
EndProject
Project("{FAE04EC0-301F-11D3-BF4B-00C04F79EFBC}") = "DBO.DataTransport.FE", "DBO.DataTransport.FE\DBO.DataTransport.FE.csproj", "{E4CE96CF-680F-4EBF-9172-2C4DD884ECEF}"
EndProject
Global
	GlobalSection(SolutionConfigurationPlatforms) = preSolution
		Debug|Any CPU = Debug|Any CPU
		Release|Any CPU = Release|Any CPU
	EndGlobalSection
	GlobalSection(ProjectConfigurationPlatforms) = postSolution
		{9ADFB9F5-89D4-453C-A483-C2415C051EA2}.Debug|Any CPU.ActiveCfg = Debug|Any CPU
		{9ADFB9F5-89D4-453C-A483-C2415C051EA2}.Debug|Any CPU.Build.0 = Debug|Any CPU
		{9ADFB9F5-89D4-453C-A483-C2415C051EA2}.Release|Any CPU.ActiveCfg = Release|Any CPU
		{9ADFB9F5-89D4-453C-A483-C2415C051EA2}.Release|Any CPU.Build.0 = Release|Any CPU
		{E4CE96CF-680F-4EBF-9172-2C4DD884ECEF}.Debug|Any CPU.ActiveCfg = Debug|Any CPU
		{E4CE96CF-680F-4EBF-9172-2C4DD884ECEF}.Debug|Any CPU.Build.0 = Debug|Any CPU
		{E4CE96CF-680F-4EBF-9172-2C4DD884ECEF}.Release|Any CPU.ActiveCfg = Release|Any CPU
		{E4CE96CF-680F-4EBF-9172-2C4DD884ECEF}.Release|Any CPU.Build.0 = Release|Any CPU
	EndGlobalSection
	GlobalSection(SolutionProperties) = preSolution
		HideSolutionNode = FALSE
	EndGlobalSection
	GlobalSection(ExtensibilityGlobals) = postSolution
		SolutionGuid = {CB138E85-4D97-481E-AD0E-59053473BEC8}
	EndGlobalSection
EndGlobal
